// !$*UTF8*$!
{
	archiveVersion = 1;
	classes = {
	};
	objectVersion = 46;
	objects = {

/* Begin PBXBuildFile section */
		F8AC3E4A1589D27B00D8A9C9 /* CoreFoundation.framework in Frameworks */ = {isa = PBXBuildFile; fileRef = F8AC3E491589D27B00D8A9C9 /* CoreFoundation.framework */; };
		F8AC3E501589D27B00D8A9C9 /* InfoPlist.strings in Resources */ = {isa = PBXBuildFile; fileRef = F8AC3E4E1589D27B00D8A9C9 /* InfoPlist.strings */; };
		F8AC3E9B1589D35500D8A9C9 /* ectoolkit.m in Sources */ = {isa = PBXBuildFile; fileRef = F8AC3E561589D35500D8A9C9 /* ectoolkit.m */; };
		F8AC3E9C1589D35500D8A9C9 /* ECUIControlTableViewCell.m in Sources */ = {isa = PBXBuildFile; fileRef = F8AC3E591589D35500D8A9C9 /* ECUIControlTableViewCell.m */; };
		F8AC3E9D1589D35500D8A9C9 /* UIView+UI+ViewController.m in Sources */ = {isa = PBXBuildFile; fileRef = F8AC3E5B1589D35500D8A9C9 /* UIView+UI+ViewController.m */; };
		F8AC3E9E1589D35500D8A9C9 /* UIViewController+CompatibleView.m in Sources */ = {isa = PBXBuildFile; fileRef = F8AC3E5D1589D35500D8A9C9 /* UIViewController+CompatibleView.m */; };
		F8AC3E9F1589D35500D8A9C9 /* UIViewExtensionBean.m in Sources */ = {isa = PBXBuildFile; fileRef = F8AC3E5F1589D35500D8A9C9 /* UIViewExtensionBean.m */; };
		F8AC3EA01589D35500D8A9C9 /* UIViewExtensionManager.m in Sources */ = {isa = PBXBuildFile; fileRef = F8AC3E611589D35500D8A9C9 /* UIViewExtensionManager.m */; };
		F8AC3EA11589D35500D8A9C9 /* ASIAuthenticationDialog.m in Sources */ = {isa = PBXBuildFile; fileRef = F8AC3E651589D35500D8A9C9 /* ASIAuthenticationDialog.m */; settings = {COMPILER_FLAGS = "-fno-objc-arc"; }; };
		F8AC3EA21589D35500D8A9C9 /* ASIDataCompressor.m in Sources */ = {isa = PBXBuildFile; fileRef = F8AC3E681589D35500D8A9C9 /* ASIDataCompressor.m */; settings = {COMPILER_FLAGS = "-fno-objc-arc"; }; };
		F8AC3EA31589D35500D8A9C9 /* ASIDataDecompressor.m in Sources */ = {isa = PBXBuildFile; fileRef = F8AC3E6A1589D35500D8A9C9 /* ASIDataDecompressor.m */; settings = {COMPILER_FLAGS = "-fno-objc-arc"; }; };
		F8AC3EA41589D35500D8A9C9 /* ASIDownloadCache.m in Sources */ = {isa = PBXBuildFile; fileRef = F8AC3E6C1589D35500D8A9C9 /* ASIDownloadCache.m */; settings = {COMPILER_FLAGS = "-fno-objc-arc"; }; };
		F8AC3EA51589D35500D8A9C9 /* ASIFormDataRequest.m in Sources */ = {isa = PBXBuildFile; fileRef = F8AC3E6E1589D35500D8A9C9 /* ASIFormDataRequest.m */; settings = {COMPILER_FLAGS = "-fno-objc-arc"; }; };
		F8AC3EA61589D35500D8A9C9 /* ASIHTTPRequest.m in Sources */ = {isa = PBXBuildFile; fileRef = F8AC3E701589D35500D8A9C9 /* ASIHTTPRequest.m */; settings = {COMPILER_FLAGS = "-fno-objc-arc"; }; };
		F8AC3EA71589D35500D8A9C9 /* ASIInputStream.m in Sources */ = {isa = PBXBuildFile; fileRef = F8AC3E741589D35500D8A9C9 /* ASIInputStream.m */; settings = {COMPILER_FLAGS = "-fno-objc-arc"; }; };
		F8AC3EA81589D35500D8A9C9 /* ASINetworkQueue.m in Sources */ = {isa = PBXBuildFile; fileRef = F8AC3E761589D35500D8A9C9 /* ASINetworkQueue.m */; settings = {COMPILER_FLAGS = "-fno-objc-arc"; }; };
		F8AC3EA91589D35500D8A9C9 /* Reachability.m in Sources */ = {isa = PBXBuildFile; fileRef = F8AC3E7A1589D35500D8A9C9 /* Reachability.m */; settings = {COMPILER_FLAGS = "-fno-objc-arc"; }; };
		F8AC3EAA1589D35500D8A9C9 /* JSONKit.m in Sources */ = {isa = PBXBuildFile; fileRef = F8AC3E7D1589D35500D8A9C9 /* JSONKit.m */; settings = {COMPILER_FLAGS = "-fno-objc-arc"; }; };
		F8AC3EAB1589D35500D8A9C9 /* JTListView.m in Sources */ = {isa = PBXBuildFile; fileRef = F8AC3E801589D35500D8A9C9 /* JTListView.m */; settings = {COMPILER_FLAGS = "-fno-objc-arc"; }; };
		F8AC3EAC1589D35500D8A9C9 /* MBProgressHUD.m in Sources */ = {isa = PBXBuildFile; fileRef = F8AC3E831589D35500D8A9C9 /* MBProgressHUD.m */; settings = {COMPILER_FLAGS = "-fno-objc-arc"; }; };
		F8AC3EAD1589D35500D8A9C9 /* iToast.m in Sources */ = {isa = PBXBuildFile; fileRef = F8AC3E861589D35500D8A9C9 /* iToast.m */; settings = {COMPILER_FLAGS = "-fno-objc-arc"; }; };
		F8AC3EAE1589D35500D8A9C9 /* WEPopoverContainerView.m in Sources */ = {isa = PBXBuildFile; fileRef = F8AC3E891589D35500D8A9C9 /* WEPopoverContainerView.m */; settings = {COMPILER_FLAGS = "-fno-objc-arc"; }; };
		F8AC3EAF1589D35500D8A9C9 /* WEPopoverController.m in Sources */ = {isa = PBXBuildFile; fileRef = F8AC3E8B1589D35500D8A9C9 /* WEPopoverController.m */; settings = {COMPILER_FLAGS = "-fno-objc-arc"; }; };
		F8AC3EB01589D35500D8A9C9 /* UserBean.m in Sources */ = {isa = PBXBuildFile; fileRef = F8AC3E8F1589D35500D8A9C9 /* UserBean.m */; };
		F8AC3EB11589D35500D8A9C9 /* UserManager.m in Sources */ = {isa = PBXBuildFile; fileRef = F8AC3E911589D35500D8A9C9 /* UserManager.m */; };
		F8AC3EB21589D35500D8A9C9 /* ECTimeUtil.m in Sources */ = {isa = PBXBuildFile; fileRef = F8AC3E941589D35500D8A9C9 /* ECTimeUtil.m */; };
		F8AC3EB31589D35500D8A9C9 /* HttpUtil.m in Sources */ = {isa = PBXBuildFile; fileRef = F8AC3E961589D35500D8A9C9 /* HttpUtil.m */; };
		F8AC3EB41589D35500D8A9C9 /* NSString+CommonUtils.m in Sources */ = {isa = PBXBuildFile; fileRef = F8AC3E981589D35500D8A9C9 /* NSString+CommonUtils.m */; };
		F8AC3EB51589D35500D8A9C9 /* UIColor+ECUIColor.m in Sources */ = {isa = PBXBuildFile; fileRef = F8AC3E9A1589D35500D8A9C9 /* UIColor+ECUIColor.m */; };
		F8AC3EB71589D3D600D8A9C9 /* ectoolkit.h in Headers */ = {isa = PBXBuildFile; fileRef = F8AC3E551589D35500D8A9C9 /* ectoolkit.h */; settings = {ATTRIBUTES = (Public, ); }; };
		F8AC3EB81589D3D600D8A9C9 /* ECUIControlTableViewCell.h in Headers */ = {isa = PBXBuildFile; fileRef = F8AC3E581589D35500D8A9C9 /* ECUIControlTableViewCell.h */; settings = {ATTRIBUTES = (Public, ); }; };
		F8AC3EB91589D3D600D8A9C9 /* UIView+UI+ViewController.h in Headers */ = {isa = PBXBuildFile; fileRef = F8AC3E5A1589D35500D8A9C9 /* UIView+UI+ViewController.h */; settings = {ATTRIBUTES = (Public, ); }; };
		F8AC3EBA1589D3D600D8A9C9 /* UIViewController+CompatibleView.h in Headers */ = {isa = PBXBuildFile; fileRef = F8AC3E5C1589D35500D8A9C9 /* UIViewController+CompatibleView.h */; settings = {ATTRIBUTES = (Public, ); }; };
		F8AC3EBB1589D3D600D8A9C9 /* UIViewExtensionBean.h in Headers */ = {isa = PBXBuildFile; fileRef = F8AC3E5E1589D35500D8A9C9 /* UIViewExtensionBean.h */; settings = {ATTRIBUTES = (Public, ); }; };
		F8AC3EBC1589D3D600D8A9C9 /* UIViewExtensionManager.h in Headers */ = {isa = PBXBuildFile; fileRef = F8AC3E601589D35500D8A9C9 /* UIViewExtensionManager.h */; settings = {ATTRIBUTES = (Public, ); }; };
		F8AC3EBD1589D3D600D8A9C9 /* JSONKit.h in Headers */ = {isa = PBXBuildFile; fileRef = F8AC3E7C1589D35500D8A9C9 /* JSONKit.h */; settings = {ATTRIBUTES = (Public, ); }; };
		F8AC3EBE1589D3D600D8A9C9 /* JTListView.h in Headers */ = {isa = PBXBuildFile; fileRef = F8AC3E7F1589D35500D8A9C9 /* JTListView.h */; settings = {ATTRIBUTES = (Public, ); }; };
		F8AC3EBF1589D3D600D8A9C9 /* MBProgressHUD.h in Headers */ = {isa = PBXBuildFile; fileRef = F8AC3E821589D35500D8A9C9 /* MBProgressHUD.h */; settings = {ATTRIBUTES = (Public, ); }; };
		F8AC3EC01589D3D600D8A9C9 /* iToast.h in Headers */ = {isa = PBXBuildFile; fileRef = F8AC3E851589D35500D8A9C9 /* iToast.h */; settings = {ATTRIBUTES = (Public, ); }; };
		F8AC3EC11589D3D600D8A9C9 /* UserBean.h in Headers */ = {isa = PBXBuildFile; fileRef = F8AC3E8E1589D35500D8A9C9 /* UserBean.h */; settings = {ATTRIBUTES = (Public, ); }; };
		F8AC3EC21589D3D600D8A9C9 /* UserManager.h in Headers */ = {isa = PBXBuildFile; fileRef = F8AC3E901589D35500D8A9C9 /* UserManager.h */; settings = {ATTRIBUTES = (Public, ); }; };
		F8AC3EC31589D3D600D8A9C9 /* ECTimeUtil.h in Headers */ = {isa = PBXBuildFile; fileRef = F8AC3E931589D35500D8A9C9 /* ECTimeUtil.h */; settings = {ATTRIBUTES = (Public, ); }; };
		F8AC3EC41589D3D600D8A9C9 /* HttpUtil.h in Headers */ = {isa = PBXBuildFile; fileRef = F8AC3E951589D35500D8A9C9 /* HttpUtil.h */; settings = {ATTRIBUTES = (Public, ); }; };
		F8AC3EC51589D3D600D8A9C9 /* NSString+CommonUtils.h in Headers */ = {isa = PBXBuildFile; fileRef = F8AC3E971589D35500D8A9C9 /* NSString+CommonUtils.h */; settings = {ATTRIBUTES = (Public, ); }; };
		F8AC3EC61589D3D600D8A9C9 /* UIColor+ECUIColor.h in Headers */ = {isa = PBXBuildFile; fileRef = F8AC3E991589D35500D8A9C9 /* UIColor+ECUIColor.h */; settings = {ATTRIBUTES = (Public, ); }; };
/* End PBXBuildFile section */

/* Begin PBXFileReference section */
		F8AC3E481589D27B00D8A9C9 /* ectoolkit.framework */ = {isa = PBXFileReference; explicitFileType = wrapper.cfbundle; includeInIndex = 0; path = ectoolkit.framework; sourceTree = BUILT_PRODUCTS_DIR; };
		F8AC3E491589D27B00D8A9C9 /* CoreFoundation.framework */ = {isa = PBXFileReference; lastKnownFileType = wrapper.framework; name = CoreFoundation.framework; path = System/Library/Frameworks/CoreFoundation.framework; sourceTree = SDKROOT; };
		F8AC3E4D1589D27B00D8A9C9 /* ectoolkit-Info.plist */ = {isa = PBXFileReference; lastKnownFileType = text.plist.xml; path = "ectoolkit-Info.plist"; sourceTree = "<group>"; };
		F8AC3E4F1589D27B00D8A9C9 /* en */ = {isa = PBXFileReference; lastKnownFileType = text.plist.strings; name = en; path = en.lproj/InfoPlist.strings; sourceTree = "<group>"; };
		F8AC3E511589D27B00D8A9C9 /* ectoolkit-Prefix.pch */ = {isa = PBXFileReference; lastKnownFileType = sourcecode.c.h; path = "ectoolkit-Prefix.pch"; sourceTree = "<group>"; };
		F8AC3E551589D35500D8A9C9 /* ectoolkit.h */ = {isa = PBXFileReference; fileEncoding = 4; lastKnownFileType = sourcecode.c.h; path = ectoolkit.h; sourceTree = "<group>"; };
		F8AC3E561589D35500D8A9C9 /* ectoolkit.m */ = {isa = PBXFileReference; fileEncoding = 4; lastKnownFileType = sourcecode.c.objc; path = ectoolkit.m; sourceTree = "<group>"; };
		F8AC3E581589D35500D8A9C9 /* ECUIControlTableViewCell.h */ = {isa = PBXFileReference; fileEncoding = 4; lastKnownFileType = sourcecode.c.h; path = ECUIControlTableViewCell.h; sourceTree = "<group>"; };
		F8AC3E591589D35500D8A9C9 /* ECUIControlTableViewCell.m */ = {isa = PBXFileReference; fileEncoding = 4; lastKnownFileType = sourcecode.c.objc; path = ECUIControlTableViewCell.m; sourceTree = "<group>"; };
		F8AC3E5A1589D35500D8A9C9 /* UIView+UI+ViewController.h */ = {isa = PBXFileReference; fileEncoding = 4; lastKnownFileType = sourcecode.c.h; path = "UIView+UI+ViewController.h"; sourceTree = "<group>"; };
		F8AC3E5B1589D35500D8A9C9 /* UIView+UI+ViewController.m */ = {isa = PBXFileReference; fileEncoding = 4; lastKnownFileType = sourcecode.c.objc; path = "UIView+UI+ViewController.m"; sourceTree = "<group>"; };
		F8AC3E5C1589D35500D8A9C9 /* UIViewController+CompatibleView.h */ = {isa = PBXFileReference; fileEncoding = 4; lastKnownFileType = sourcecode.c.h; path = "UIViewController+CompatibleView.h"; sourceTree = "<group>"; };
		F8AC3E5D1589D35500D8A9C9 /* UIViewController+CompatibleView.m */ = {isa = PBXFileReference; fileEncoding = 4; lastKnownFileType = sourcecode.c.objc; path = "UIViewController+CompatibleView.m"; sourceTree = "<group>"; };
		F8AC3E5E1589D35500D8A9C9 /* UIViewExtensionBean.h */ = {isa = PBXFileReference; fileEncoding = 4; lastKnownFileType = sourcecode.c.h; path = UIViewExtensionBean.h; sourceTree = "<group>"; };
		F8AC3E5F1589D35500D8A9C9 /* UIViewExtensionBean.m */ = {isa = PBXFileReference; fileEncoding = 4; lastKnownFileType = sourcecode.c.objc; path = UIViewExtensionBean.m; sourceTree = "<group>"; };
		F8AC3E601589D35500D8A9C9 /* UIViewExtensionManager.h */ = {isa = PBXFileReference; fileEncoding = 4; lastKnownFileType = sourcecode.c.h; path = UIViewExtensionManager.h; sourceTree = "<group>"; };
		F8AC3E611589D35500D8A9C9 /* UIViewExtensionManager.m */ = {isa = PBXFileReference; fileEncoding = 4; lastKnownFileType = sourcecode.c.objc; path = UIViewExtensionManager.m; sourceTree = "<group>"; };
		F8AC3E641589D35500D8A9C9 /* ASIAuthenticationDialog.h */ = {isa = PBXFileReference; fileEncoding = 4; lastKnownFileType = sourcecode.c.h; path = ASIAuthenticationDialog.h; sourceTree = "<group>"; };
		F8AC3E651589D35500D8A9C9 /* ASIAuthenticationDialog.m */ = {isa = PBXFileReference; fileEncoding = 4; lastKnownFileType = sourcecode.c.objc; path = ASIAuthenticationDialog.m; sourceTree = "<group>"; };
		F8AC3E661589D35500D8A9C9 /* ASICacheDelegate.h */ = {isa = PBXFileReference; fileEncoding = 4; lastKnownFileType = sourcecode.c.h; path = ASICacheDelegate.h; sourceTree = "<group>"; };
		F8AC3E671589D35500D8A9C9 /* ASIDataCompressor.h */ = {isa = PBXFileReference; fileEncoding = 4; lastKnownFileType = sourcecode.c.h; path = ASIDataCompressor.h; sourceTree = "<group>"; };
		F8AC3E681589D35500D8A9C9 /* ASIDataCompressor.m */ = {isa = PBXFileReference; fileEncoding = 4; lastKnownFileType = sourcecode.c.objc; path = ASIDataCompressor.m; sourceTree = "<group>"; };
		F8AC3E691589D35500D8A9C9 /* ASIDataDecompressor.h */ = {isa = PBXFileReference; fileEncoding = 4; lastKnownFileType = sourcecode.c.h; path = ASIDataDecompressor.h; sourceTree = "<group>"; };
		F8AC3E6A1589D35500D8A9C9 /* ASIDataDecompressor.m */ = {isa = PBXFileReference; fileEncoding = 4; lastKnownFileType = sourcecode.c.objc; path = ASIDataDecompressor.m; sourceTree = "<group>"; };
		F8AC3E6B1589D35500D8A9C9 /* ASIDownloadCache.h */ = {isa = PBXFileReference; fileEncoding = 4; lastKnownFileType = sourcecode.c.h; path = ASIDownloadCache.h; sourceTree = "<group>"; };
		F8AC3E6C1589D35500D8A9C9 /* ASIDownloadCache.m */ = {isa = PBXFileReference; fileEncoding = 4; lastKnownFileType = sourcecode.c.objc; path = ASIDownloadCache.m; sourceTree = "<group>"; };
		F8AC3E6D1589D35500D8A9C9 /* ASIFormDataRequest.h */ = {isa = PBXFileReference; fileEncoding = 4; lastKnownFileType = sourcecode.c.h; path = ASIFormDataRequest.h; sourceTree = "<group>"; };
		F8AC3E6E1589D35500D8A9C9 /* ASIFormDataRequest.m */ = {isa = PBXFileReference; fileEncoding = 4; lastKnownFileType = sourcecode.c.objc; path = ASIFormDataRequest.m; sourceTree = "<group>"; };
		F8AC3E6F1589D35500D8A9C9 /* ASIHTTPRequest.h */ = {isa = PBXFileReference; fileEncoding = 4; lastKnownFileType = sourcecode.c.h; path = ASIHTTPRequest.h; sourceTree = "<group>"; };
		F8AC3E701589D35500D8A9C9 /* ASIHTTPRequest.m */ = {isa = PBXFileReference; fileEncoding = 4; lastKnownFileType = sourcecode.c.objc; path = ASIHTTPRequest.m; sourceTree = "<group>"; };
		F8AC3E711589D35500D8A9C9 /* ASIHTTPRequestConfig.h */ = {isa = PBXFileReference; fileEncoding = 4; lastKnownFileType = sourcecode.c.h; path = ASIHTTPRequestConfig.h; sourceTree = "<group>"; };
		F8AC3E721589D35500D8A9C9 /* ASIHTTPRequestDelegate.h */ = {isa = PBXFileReference; fileEncoding = 4; lastKnownFileType = sourcecode.c.h; path = ASIHTTPRequestDelegate.h; sourceTree = "<group>"; };
		F8AC3E731589D35500D8A9C9 /* ASIInputStream.h */ = {isa = PBXFileReference; fileEncoding = 4; lastKnownFileType = sourcecode.c.h; path = ASIInputStream.h; sourceTree = "<group>"; };
		F8AC3E741589D35500D8A9C9 /* ASIInputStream.m */ = {isa = PBXFileReference; fileEncoding = 4; lastKnownFileType = sourcecode.c.objc; path = ASIInputStream.m; sourceTree = "<group>"; };
		F8AC3E751589D35500D8A9C9 /* ASINetworkQueue.h */ = {isa = PBXFileReference; fileEncoding = 4; lastKnownFileType = sourcecode.c.h; path = ASINetworkQueue.h; sourceTree = "<group>"; };
		F8AC3E761589D35500D8A9C9 /* ASINetworkQueue.m */ = {isa = PBXFileReference; fileEncoding = 4; lastKnownFileType = sourcecode.c.objc; path = ASINetworkQueue.m; sourceTree = "<group>"; };
		F8AC3E771589D35500D8A9C9 /* ASIProgressDelegate.h */ = {isa = PBXFileReference; fileEncoding = 4; lastKnownFileType = sourcecode.c.h; path = ASIProgressDelegate.h; sourceTree = "<group>"; };
		F8AC3E791589D35500D8A9C9 /* Reachability.h */ = {isa = PBXFileReference; fileEncoding = 4; lastKnownFileType = sourcecode.c.h; path = Reachability.h; sourceTree = "<group>"; };
		F8AC3E7A1589D35500D8A9C9 /* Reachability.m */ = {isa = PBXFileReference; fileEncoding = 4; lastKnownFileType = sourcecode.c.objc; path = Reachability.m; sourceTree = "<group>"; };
		F8AC3E7C1589D35500D8A9C9 /* JSONKit.h */ = {isa = PBXFileReference; fileEncoding = 4; lastKnownFileType = sourcecode.c.h; path = JSONKit.h; sourceTree = "<group>"; };
		F8AC3E7D1589D35500D8A9C9 /* JSONKit.m */ = {isa = PBXFileReference; fileEncoding = 4; lastKnownFileType = sourcecode.c.objc; path = JSONKit.m; sourceTree = "<group>"; };
		F8AC3E7F1589D35500D8A9C9 /* JTListView.h */ = {isa = PBXFileReference; fileEncoding = 4; lastKnownFileType = sourcecode.c.h; path = JTListView.h; sourceTree = "<group>"; };
		F8AC3E801589D35500D8A9C9 /* JTListView.m */ = {isa = PBXFileReference; fileEncoding = 4; lastKnownFileType = sourcecode.c.objc; path = JTListView.m; sourceTree = "<group>"; };
		F8AC3E821589D35500D8A9C9 /* MBProgressHUD.h */ = {isa = PBXFileReference; fileEncoding = 4; lastKnownFileType = sourcecode.c.h; path = MBProgressHUD.h; sourceTree = "<group>"; };
		F8AC3E831589D35500D8A9C9 /* MBProgressHUD.m */ = {isa = PBXFileReference; fileEncoding = 4; lastKnownFileType = sourcecode.c.objc; path = MBProgressHUD.m; sourceTree = "<group>"; };
		F8AC3E851589D35500D8A9C9 /* iToast.h */ = {isa = PBXFileReference; fileEncoding = 4; lastKnownFileType = sourcecode.c.h; path = iToast.h; sourceTree = "<group>"; };
		F8AC3E861589D35500D8A9C9 /* iToast.m */ = {isa = PBXFileReference; fileEncoding = 4; lastKnownFileType = sourcecode.c.objc; path = iToast.m; sourceTree = "<group>"; };
		F8AC3E881589D35500D8A9C9 /* WEPopoverContainerView.h */ = {isa = PBXFileReference; fileEncoding = 4; lastKnownFileType = sourcecode.c.h; path = WEPopoverContainerView.h; sourceTree = "<group>"; };
		F8AC3E891589D35500D8A9C9 /* WEPopoverContainerView.m */ = {isa = PBXFileReference; fileEncoding = 4; lastKnownFileType = sourcecode.c.objc; path = WEPopoverContainerView.m; sourceTree = "<group>"; };
		F8AC3E8A1589D35500D8A9C9 /* WEPopoverController.h */ = {isa = PBXFileReference; fileEncoding = 4; lastKnownFileType = sourcecode.c.h; path = WEPopoverController.h; sourceTree = "<group>"; };
		F8AC3E8B1589D35500D8A9C9 /* WEPopoverController.m */ = {isa = PBXFileReference; fileEncoding = 4; lastKnownFileType = sourcecode.c.objc; path = WEPopoverController.m; sourceTree = "<group>"; };
		F8AC3E8C1589D35500D8A9C9 /* WEPopoverParentView.h */ = {isa = PBXFileReference; fileEncoding = 4; lastKnownFileType = sourcecode.c.h; path = WEPopoverParentView.h; sourceTree = "<group>"; };
		F8AC3E8E1589D35500D8A9C9 /* UserBean.h */ = {isa = PBXFileReference; fileEncoding = 4; lastKnownFileType = sourcecode.c.h; path = UserBean.h; sourceTree = "<group>"; };
		F8AC3E8F1589D35500D8A9C9 /* UserBean.m */ = {isa = PBXFileReference; fileEncoding = 4; lastKnownFileType = sourcecode.c.objc; path = UserBean.m; sourceTree = "<group>"; };
		F8AC3E901589D35500D8A9C9 /* UserManager.h */ = {isa = PBXFileReference; fileEncoding = 4; lastKnownFileType = sourcecode.c.h; path = UserManager.h; sourceTree = "<group>"; };
		F8AC3E911589D35500D8A9C9 /* UserManager.m */ = {isa = PBXFileReference; fileEncoding = 4; lastKnownFileType = sourcecode.c.objc; path = UserManager.m; sourceTree = "<group>"; };
		F8AC3E931589D35500D8A9C9 /* ECTimeUtil.h */ = {isa = PBXFileReference; fileEncoding = 4; lastKnownFileType = sourcecode.c.h; path = ECTimeUtil.h; sourceTree = "<group>"; };
		F8AC3E941589D35500D8A9C9 /* ECTimeUtil.m */ = {isa = PBXFileReference; fileEncoding = 4; lastKnownFileType = sourcecode.c.objc; path = ECTimeUtil.m; sourceTree = "<group>"; };
		F8AC3E951589D35500D8A9C9 /* HttpUtil.h */ = {isa = PBXFileReference; fileEncoding = 4; lastKnownFileType = sourcecode.c.h; path = HttpUtil.h; sourceTree = "<group>"; };
		F8AC3E961589D35500D8A9C9 /* HttpUtil.m */ = {isa = PBXFileReference; fileEncoding = 4; lastKnownFileType = sourcecode.c.objc; path = HttpUtil.m; sourceTree = "<group>"; };
		F8AC3E971589D35500D8A9C9 /* NSString+CommonUtils.h */ = {isa = PBXFileReference; fileEncoding = 4; lastKnownFileType = sourcecode.c.h; path = "NSString+CommonUtils.h"; sourceTree = "<group>"; };
		F8AC3E981589D35500D8A9C9 /* NSString+CommonUtils.m */ = {isa = PBXFileReference; fileEncoding = 4; lastKnownFileType = sourcecode.c.objc; path = "NSString+CommonUtils.m"; sourceTree = "<group>"; };
		F8AC3E991589D35500D8A9C9 /* UIColor+ECUIColor.h */ = {isa = PBXFileReference; fileEncoding = 4; lastKnownFileType = sourcecode.c.h; path = "UIColor+ECUIColor.h"; sourceTree = "<group>"; };
		F8AC3E9A1589D35500D8A9C9 /* UIColor+ECUIColor.m */ = {isa = PBXFileReference; fileEncoding = 4; lastKnownFileType = sourcecode.c.objc; path = "UIColor+ECUIColor.m"; sourceTree = "<group>"; };
		F8ED8AD01582104E009ECF13 /* Foundation.framework */ = {isa = PBXFileReference; lastKnownFileType = wrapper.framework; name = Foundation.framework; path = System/Library/Frameworks/Foundation.framework; sourceTree = SDKROOT; };
		F8ED8BB615821AB4009ECF13 /* CFNetwork.framework */ = {isa = PBXFileReference; lastKnownFileType = wrapper.framework; name = CFNetwork.framework; path = System/Library/Frameworks/CFNetwork.framework; sourceTree = SDKROOT; };
		F8ED8BB815821ABC009ECF13 /* SystemConfiguration.framework */ = {isa = PBXFileReference; lastKnownFileType = wrapper.framework; name = SystemConfiguration.framework; path = System/Library/Frameworks/SystemConfiguration.framework; sourceTree = SDKROOT; };
		F8ED8BBA15821AC3009ECF13 /* MobileCoreServices.framework */ = {isa = PBXFileReference; lastKnownFileType = wrapper.framework; name = MobileCoreServices.framework; path = System/Library/Frameworks/MobileCoreServices.framework; sourceTree = SDKROOT; };
		F8ED8BBC15821AC8009ECF13 /* UIKit.framework */ = {isa = PBXFileReference; lastKnownFileType = wrapper.framework; name = UIKit.framework; path = System/Library/Frameworks/UIKit.framework; sourceTree = SDKROOT; };
		F8ED8BBE15821AD3009ECF13 /* CoreGraphics.framework */ = {isa = PBXFileReference; lastKnownFileType = wrapper.framework; name = CoreGraphics.framework; path = System/Library/Frameworks/CoreGraphics.framework; sourceTree = SDKROOT; };
		F8ED8BC015821AE4009ECF13 /* libz.1.2.5.dylib */ = {isa = PBXFileReference; lastKnownFileType = "compiled.mach-o.dylib"; name = libz.1.2.5.dylib; path = usr/lib/libz.1.2.5.dylib; sourceTree = SDKROOT; };
/* End PBXFileReference section */

/* Begin PBXFrameworksBuildPhase section */
		F8AC3E451589D27B00D8A9C9 /* Frameworks */ = {
			isa = PBXFrameworksBuildPhase;
			buildActionMask = 2147483647;
			files = (
				F8AC3E4A1589D27B00D8A9C9 /* CoreFoundation.framework in Frameworks */,
			);
			runOnlyForDeploymentPostprocessing = 0;
		};
/* End PBXFrameworksBuildPhase section */

/* Begin PBXGroup section */
		F8AC3E4B1589D27B00D8A9C9 /* ectoolkit */ = {
			isa = PBXGroup;
			children = (
				F8AC3E551589D35500D8A9C9 /* ectoolkit.h */,
				F8AC3E561589D35500D8A9C9 /* ectoolkit.m */,
				F8AC3E571589D35500D8A9C9 /* ecui */,
				F8AC3E621589D35500D8A9C9 /* openSource */,
				F8AC3E8D1589D35500D8A9C9 /* user */,
				F8AC3E921589D35500D8A9C9 /* util */,
				F8AC3E4C1589D27B00D8A9C9 /* Supporting Files */,
			);
			path = ectoolkit;
			sourceTree = "<group>";
		};
		F8AC3E4C1589D27B00D8A9C9 /* Supporting Files */ = {
			isa = PBXGroup;
			children = (
				F8AC3E4D1589D27B00D8A9C9 /* ectoolkit-Info.plist */,
				F8AC3E4E1589D27B00D8A9C9 /* InfoPlist.strings */,
				F8AC3E511589D27B00D8A9C9 /* ectoolkit-Prefix.pch */,
			);
			name = "Supporting Files";
			sourceTree = "<group>";
		};
		F8AC3E571589D35500D8A9C9 /* ecui */ = {
			isa = PBXGroup;
			children = (
				F8AC3E581589D35500D8A9C9 /* ECUIControlTableViewCell.h */,
				F8AC3E591589D35500D8A9C9 /* ECUIControlTableViewCell.m */,
				F8AC3E5A1589D35500D8A9C9 /* UIView+UI+ViewController.h */,
				F8AC3E5B1589D35500D8A9C9 /* UIView+UI+ViewController.m */,
				F8AC3E5C1589D35500D8A9C9 /* UIViewController+CompatibleView.h */,
				F8AC3E5D1589D35500D8A9C9 /* UIViewController+CompatibleView.m */,
				F8AC3E5E1589D35500D8A9C9 /* UIViewExtensionBean.h */,
				F8AC3E5F1589D35500D8A9C9 /* UIViewExtensionBean.m */,
				F8AC3E601589D35500D8A9C9 /* UIViewExtensionManager.h */,
				F8AC3E611589D35500D8A9C9 /* UIViewExtensionManager.m */,
			);
			path = ecui;
			sourceTree = "<group>";
		};
		F8AC3E621589D35500D8A9C9 /* openSource */ = {
			isa = PBXGroup;
			children = (
				F8AC3E631589D35500D8A9C9 /* ASIHTTPRequest */,
				F8AC3E7B1589D35500D8A9C9 /* JSONKit */,
				F8AC3E7E1589D35500D8A9C9 /* JTListView */,
				F8AC3E811589D35500D8A9C9 /* MBProgressHUD */,
				F8AC3E841589D35500D8A9C9 /* Toast */,
				F8AC3E871589D35500D8A9C9 /* WEPopover */,
			);
			path = openSource;
			sourceTree = "<group>";
		};
		F8AC3E631589D35500D8A9C9 /* ASIHTTPRequest */ = {
			isa = PBXGroup;
			children = (
				F8AC3E641589D35500D8A9C9 /* ASIAuthenticationDialog.h */,
				F8AC3E651589D35500D8A9C9 /* ASIAuthenticationDialog.m */,
				F8AC3E661589D35500D8A9C9 /* ASICacheDelegate.h */,
				F8AC3E671589D35500D8A9C9 /* ASIDataCompressor.h */,
				F8AC3E681589D35500D8A9C9 /* ASIDataCompressor.m */,
				F8AC3E691589D35500D8A9C9 /* ASIDataDecompressor.h */,
				F8AC3E6A1589D35500D8A9C9 /* ASIDataDecompressor.m */,
				F8AC3E6B1589D35500D8A9C9 /* ASIDownloadCache.h */,
				F8AC3E6C1589D35500D8A9C9 /* ASIDownloadCache.m */,
				F8AC3E6D1589D35500D8A9C9 /* ASIFormDataRequest.h */,
				F8AC3E6E1589D35500D8A9C9 /* ASIFormDataRequest.m */,
				F8AC3E6F1589D35500D8A9C9 /* ASIHTTPRequest.h */,
				F8AC3E701589D35500D8A9C9 /* ASIHTTPRequest.m */,
				F8AC3E711589D35500D8A9C9 /* ASIHTTPRequestConfig.h */,
				F8AC3E721589D35500D8A9C9 /* ASIHTTPRequestDelegate.h */,
				F8AC3E731589D35500D8A9C9 /* ASIInputStream.h */,
				F8AC3E741589D35500D8A9C9 /* ASIInputStream.m */,
				F8AC3E751589D35500D8A9C9 /* ASINetworkQueue.h */,
				F8AC3E761589D35500D8A9C9 /* ASINetworkQueue.m */,
				F8AC3E771589D35500D8A9C9 /* ASIProgressDelegate.h */,
				F8AC3E781589D35500D8A9C9 /* Reachability */,
			);
			path = ASIHTTPRequest;
			sourceTree = "<group>";
		};
		F8AC3E781589D35500D8A9C9 /* Reachability */ = {
			isa = PBXGroup;
			children = (
				F8AC3E791589D35500D8A9C9 /* Reachability.h */,
				F8AC3E7A1589D35500D8A9C9 /* Reachability.m */,
			);
			path = Reachability;
			sourceTree = "<group>";
		};
		F8AC3E7B1589D35500D8A9C9 /* JSONKit */ = {
			isa = PBXGroup;
			children = (
				F8AC3E7C1589D35500D8A9C9 /* JSONKit.h */,
				F8AC3E7D1589D35500D8A9C9 /* JSONKit.m */,
			);
			path = JSONKit;
			sourceTree = "<group>";
		};
		F8AC3E7E1589D35500D8A9C9 /* JTListView */ = {
			isa = PBXGroup;
			children = (
				F8AC3E7F1589D35500D8A9C9 /* JTListView.h */,
				F8AC3E801589D35500D8A9C9 /* JTListView.m */,
			);
			path = JTListView;
			sourceTree = "<group>";
		};
		F8AC3E811589D35500D8A9C9 /* MBProgressHUD */ = {
			isa = PBXGroup;
			children = (
				F8AC3E821589D35500D8A9C9 /* MBProgressHUD.h */,
				F8AC3E831589D35500D8A9C9 /* MBProgressHUD.m */,
			);
			path = MBProgressHUD;
			sourceTree = "<group>";
		};
		F8AC3E841589D35500D8A9C9 /* Toast */ = {
			isa = PBXGroup;
			children = (
				F8AC3E851589D35500D8A9C9 /* iToast.h */,
				F8AC3E861589D35500D8A9C9 /* iToast.m */,
			);
			path = Toast;
			sourceTree = "<group>";
		};
		F8AC3E871589D35500D8A9C9 /* WEPopover */ = {
			isa = PBXGroup;
			children = (
				F8AC3E881589D35500D8A9C9 /* WEPopoverContainerView.h */,
				F8AC3E891589D35500D8A9C9 /* WEPopoverContainerView.m */,
				F8AC3E8A1589D35500D8A9C9 /* WEPopoverController.h */,
				F8AC3E8B1589D35500D8A9C9 /* WEPopoverController.m */,
				F8AC3E8C1589D35500D8A9C9 /* WEPopoverParentView.h */,
			);
			path = WEPopover;
			sourceTree = "<group>";
		};
		F8AC3E8D1589D35500D8A9C9 /* user */ = {
			isa = PBXGroup;
			children = (
				F8AC3E8E1589D35500D8A9C9 /* UserBean.h */,
				F8AC3E8F1589D35500D8A9C9 /* UserBean.m */,
				F8AC3E901589D35500D8A9C9 /* UserManager.h */,
				F8AC3E911589D35500D8A9C9 /* UserManager.m */,
			);
			path = user;
			sourceTree = "<group>";
		};
		F8AC3E921589D35500D8A9C9 /* util */ = {
			isa = PBXGroup;
			children = (
				F8AC3E931589D35500D8A9C9 /* ECTimeUtil.h */,
				F8AC3E941589D35500D8A9C9 /* ECTimeUtil.m */,
				F8AC3E951589D35500D8A9C9 /* HttpUtil.h */,
				F8AC3E961589D35500D8A9C9 /* HttpUtil.m */,
				F8AC3E971589D35500D8A9C9 /* NSString+CommonUtils.h */,
				F8AC3E981589D35500D8A9C9 /* NSString+CommonUtils.m */,
				F8AC3E991589D35500D8A9C9 /* UIColor+ECUIColor.h */,
				F8AC3E9A1589D35500D8A9C9 /* UIColor+ECUIColor.m */,
			);
			path = util;
			sourceTree = "<group>";
		};
		F8ED8AC21582104E009ECF13 = {
			isa = PBXGroup;
			children = (
				F8AC3E4B1589D27B00D8A9C9 /* ectoolkit */,
				F8ED8ACF1582104E009ECF13 /* Frameworks */,
				F8ED8ACE1582104E009ECF13 /* Products */,
			);
			sourceTree = "<group>";
		};
		F8ED8ACE1582104E009ECF13 /* Products */ = {
			isa = PBXGroup;
			children = (
				F8AC3E481589D27B00D8A9C9 /* ectoolkit.framework */,
			);
			name = Products;
			sourceTree = "<group>";
		};
		F8ED8ACF1582104E009ECF13 /* Frameworks */ = {
			isa = PBXGroup;
			children = (
				F8ED8BC015821AE4009ECF13 /* libz.1.2.5.dylib */,
				F8ED8BBE15821AD3009ECF13 /* CoreGraphics.framework */,
				F8ED8BBC15821AC8009ECF13 /* UIKit.framework */,
				F8ED8BBA15821AC3009ECF13 /* MobileCoreServices.framework */,
				F8ED8BB815821ABC009ECF13 /* SystemConfiguration.framework */,
				F8ED8BB615821AB4009ECF13 /* CFNetwork.framework */,
				F8ED8AD01582104E009ECF13 /* Foundation.framework */,
				F8AC3E491589D27B00D8A9C9 /* CoreFoundation.framework */,
			);
			name = Frameworks;
			sourceTree = "<group>";
		};
/* End PBXGroup section */

/* Begin PBXHeadersBuildPhase section */
		F8AC3EB61589D39200D8A9C9 /* Headers */ = {
			isa = PBXHeadersBuildPhase;
			buildActionMask = 2147483647;
			files = (
				F8AC3EB71589D3D600D8A9C9 /* ectoolkit.h in Headers */,
				F8AC3EB81589D3D600D8A9C9 /* ECUIControlTableViewCell.h in Headers */,
				F8AC3EB91589D3D600D8A9C9 /* UIView+UI+ViewController.h in Headers */,
				F8AC3EBA1589D3D600D8A9C9 /* UIViewController+CompatibleView.h in Headers */,
				F8AC3EBB1589D3D600D8A9C9 /* UIViewExtensionBean.h in Headers */,
				F8AC3EBC1589D3D600D8A9C9 /* UIViewExtensionManager.h in Headers */,
				F8AC3EBD1589D3D600D8A9C9 /* JSONKit.h in Headers */,
				F8AC3EBE1589D3D600D8A9C9 /* JTListView.h in Headers */,
				F8AC3EBF1589D3D600D8A9C9 /* MBProgressHUD.h in Headers */,
				F8AC3EC01589D3D600D8A9C9 /* iToast.h in Headers */,
				F8AC3EC11589D3D600D8A9C9 /* UserBean.h in Headers */,
				F8AC3EC21589D3D600D8A9C9 /* UserManager.h in Headers */,
				F8AC3EC31589D3D600D8A9C9 /* ECTimeUtil.h in Headers */,
				F8AC3EC41589D3D600D8A9C9 /* HttpUtil.h in Headers */,
				F8AC3EC51589D3D600D8A9C9 /* NSString+CommonUtils.h in Headers */,
				F8AC3EC61589D3D600D8A9C9 /* UIColor+ECUIColor.h in Headers */,
			);
			runOnlyForDeploymentPostprocessing = 0;
		};
/* End PBXHeadersBuildPhase section */

/* Begin PBXNativeTarget section */
		F8AC3E471589D27B00D8A9C9 /* ectoolkit */ = {
			isa = PBXNativeTarget;
			buildConfigurationList = F8AC3E521589D27B00D8A9C9 /* Build configuration list for PBXNativeTarget "ectoolkit" */;
			buildPhases = (
				F8AC3E441589D27B00D8A9C9 /* Sources */,
				F8AC3E451589D27B00D8A9C9 /* Frameworks */,
				F8AC3E461589D27B00D8A9C9 /* Resources */,
				F8AC3EB61589D39200D8A9C9 /* Headers */,
			);
			buildRules = (
			);
			dependencies = (
			);
			name = ectoolkit;
			productName = ectoolkit;
			productReference = F8AC3E481589D27B00D8A9C9 /* ectoolkit.framework */;
			productType = "com.apple.product-type.bundle";
		};
/* End PBXNativeTarget section */

/* Begin PBXProject section */
		F8ED8AC41582104E009ECF13 /* Project object */ = {
			isa = PBXProject;
			attributes = {
				LastUpgradeCheck = 0430;
				ORGANIZATIONNAME = "elegant cloud";
			};
			buildConfigurationList = F8ED8AC71582104E009ECF13 /* Build configuration list for PBXProject "ectoolkit" */;
			compatibilityVersion = "Xcode 3.2";
			developmentRegion = English;
			hasScannedForEncodings = 0;
			knownRegions = (
				en,
			);
			mainGroup = F8ED8AC21582104E009ECF13;
			productRefGroup = F8ED8ACE1582104E009ECF13 /* Products */;
			projectDirPath = "";
			projectRoot = "";
			targets = (
				F8AC3E471589D27B00D8A9C9 /* ectoolkit */,
			);
		};
/* End PBXProject section */

/* Begin PBXResourcesBuildPhase section */
		F8AC3E461589D27B00D8A9C9 /* Resources */ = {
			isa = PBXResourcesBuildPhase;
			buildActionMask = 2147483647;
			files = (
				F8AC3E501589D27B00D8A9C9 /* InfoPlist.strings in Resources */,
			);
			runOnlyForDeploymentPostprocessing = 0;
		};
/* End PBXResourcesBuildPhase section */

/* Begin PBXSourcesBuildPhase section */
		F8AC3E441589D27B00D8A9C9 /* Sources */ = {
			isa = PBXSourcesBuildPhase;
			buildActionMask = 2147483647;
			files = (
				F8AC3E9B1589D35500D8A9C9 /* ectoolkit.m in Sources */,
				F8AC3E9C1589D35500D8A9C9 /* ECUIControlTableViewCell.m in Sources */,
				F8AC3E9D1589D35500D8A9C9 /* UIView+UI+ViewController.m in Sources */,
				F8AC3E9E1589D35500D8A9C9 /* UIViewController+CompatibleView.m in Sources */,
				F8AC3E9F1589D35500D8A9C9 /* UIViewExtensionBean.m in Sources */,
				F8AC3EA01589D35500D8A9C9 /* UIViewExtensionManager.m in Sources */,
				F8AC3EA11589D35500D8A9C9 /* ASIAuthenticationDialog.m in Sources */,
				F8AC3EA21589D35500D8A9C9 /* ASIDataCompressor.m in Sources */,
				F8AC3EA31589D35500D8A9C9 /* ASIDataDecompressor.m in Sources */,
				F8AC3EA41589D35500D8A9C9 /* ASIDownloadCache.m in Sources */,
				F8AC3EA51589D35500D8A9C9 /* ASIFormDataRequest.m in Sources */,
				F8AC3EA61589D35500D8A9C9 /* ASIHTTPRequest.m in Sources */,
				F8AC3EA71589D35500D8A9C9 /* ASIInputStream.m in Sources */,
				F8AC3EA81589D35500D8A9C9 /* ASINetworkQueue.m in Sources */,
				F8AC3EA91589D35500D8A9C9 /* Reachability.m in Sources */,
				F8AC3EAA1589D35500D8A9C9 /* JSONKit.m in Sources */,
				F8AC3EAB1589D35500D8A9C9 /* JTListView.m in Sources */,
				F8AC3EAC1589D35500D8A9C9 /* MBProgressHUD.m in Sources */,
				F8AC3EAD1589D35500D8A9C9 /* iToast.m in Sources */,
				F8AC3EAE1589D35500D8A9C9 /* WEPopoverContainerView.m in Sources */,
				F8AC3EAF1589D35500D8A9C9 /* WEPopoverController.m in Sources */,
				F8AC3EB01589D35500D8A9C9 /* UserBean.m in Sources */,
				F8AC3EB11589D35500D8A9C9 /* UserManager.m in Sources */,
				F8AC3EB21589D35500D8A9C9 /* ECTimeUtil.m in Sources */,
				F8AC3EB31589D35500D8A9C9 /* HttpUtil.m in Sources */,
				F8AC3EB41589D35500D8A9C9 /* NSString+CommonUtils.m in Sources */,
				F8AC3EB51589D35500D8A9C9 /* UIColor+ECUIColor.m in Sources */,
			);
			runOnlyForDeploymentPostprocessing = 0;
		};
/* End PBXSourcesBuildPhase section */

/* Begin PBXVariantGroup section */
		F8AC3E4E1589D27B00D8A9C9 /* InfoPlist.strings */ = {
			isa = PBXVariantGroup;
			children = (
				F8AC3E4F1589D27B00D8A9C9 /* en */,
			);
			name = InfoPlist.strings;
			sourceTree = "<group>";
		};
/* End PBXVariantGroup section */

/* Begin XCBuildConfiguration section */
		F8AC3E531589D27B00D8A9C9 /* Debug */ = {
			isa = XCBuildConfiguration;
			buildSettings = {
				ARCHS = "$(ARCHS_STANDARD_32_BIT)";
				DEAD_CODE_STRIPPING = NO;
				GCC_ENABLE_OBJC_EXCEPTIONS = YES;
				GCC_PRECOMPILE_PREFIX_HEADER = YES;
				GCC_PREFIX_HEADER = "ectoolkit/ectoolkit-Prefix.pch";
				GCC_WARN_64_TO_32_BIT_CONVERSION = YES;
				INFOPLIST_FILE = "ectoolkit/ectoolkit-Info.plist";
				INSTALL_PATH = "$(LOCAL_LIBRARY_DIR)/Bundles";
				LINK_WITH_STANDARD_LIBRARIES = NO;
				MACH_O_TYPE = mh_object;
				MACOSX_DEPLOYMENT_TARGET = "";
				ONLY_ACTIVE_ARCH = YES;
				PRODUCT_NAME = "$(TARGET_NAME)";
				SDKROOT = iphoneos;
				WRAPPER_EXTENSION = framework;
			};
			name = Debug;
		};
		F8AC3E541589D27B00D8A9C9 /* Release */ = {
			isa = XCBuildConfiguration;
			buildSettings = {
				ARCHS = "$(ARCHS_STANDARD_32_BIT)";
				DEAD_CODE_STRIPPING = NO;
				DEBUG_INFORMATION_FORMAT = "dwarf-with-dsym";
				GCC_ENABLE_OBJC_EXCEPTIONS = YES;
				GCC_PRECOMPILE_PREFIX_HEADER = YES;
				GCC_PREFIX_HEADER = "ectoolkit/ectoolkit-Prefix.pch";
				GCC_WARN_64_TO_32_BIT_CONVERSION = YES;
				INFOPLIST_FILE = "ectoolkit/ectoolkit-Info.plist";
				INSTALL_PATH = "$(LOCAL_LIBRARY_DIR)/Bundles";
				LINK_WITH_STANDARD_LIBRARIES = NO;
				MACH_O_TYPE = mh_object;
				MACOSX_DEPLOYMENT_TARGET = "";
				PRODUCT_NAME = "$(TARGET_NAME)";
				SDKROOT = iphoneos;
				WRAPPER_EXTENSION = framework;
			};
			name = Release;
		};
		F8ED8AD81582104E009ECF13 /* Debug */ = {
			isa = XCBuildConfiguration;
			buildSettings = {
				ALWAYS_SEARCH_USER_PATHS = NO;
				ARCHS = "$(ARCHS_STANDARD_32_BIT)";
				CLANG_ENABLE_OBJC_ARC = YES;
				COPY_PHASE_STRIP = NO;
				GCC_C_LANGUAGE_STANDARD = gnu99;
				GCC_DYNAMIC_NO_PIC = NO;
				GCC_OPTIMIZATION_LEVEL = 0;
				GCC_PREPROCESSOR_DEFINITIONS = (
					"DEBUG=1",
					"$(inherited)",
				);
				GCC_SYMBOLS_PRIVATE_EXTERN = NO;
				GCC_VERSION = com.apple.compilers.llvm.clang.1_0;
				GCC_WARN_ABOUT_RETURN_TYPE = YES;
				GCC_WARN_UNINITIALIZED_AUTOS = YES;
				GCC_WARN_UNUSED_VARIABLE = YES;
				IPHONEOS_DEPLOYMENT_TARGET = 5.1;
				SDKROOT = iphoneos;
			};
			name = Debug;
		};
		F8ED8AD91582104E009ECF13 /* Release */ = {
			isa = XCBuildConfiguration;
			buildSettings = {
				ALWAYS_SEARCH_USER_PATHS = NO;
				ARCHS = "$(ARCHS_STANDARD_32_BIT)";
				CLANG_ENABLE_OBJC_ARC = YES;
				COPY_PHASE_STRIP = YES;
				GCC_C_LANGUAGE_STANDARD = gnu99;
				GCC_VERSION = com.apple.compilers.llvm.clang.1_0;
				GCC_WARN_ABOUT_RETURN_TYPE = YES;
				GCC_WARN_UNINITIALIZED_AUTOS = YES;
				GCC_WARN_UNUSED_VARIABLE = YES;
				IPHONEOS_DEPLOYMENT_TARGET = 5.1;
				SDKROOT = iphoneos;
				VALIDATE_PRODUCT = YES;
			};
			name = Release;
		};
/* End XCBuildConfiguration section */

/* Begin XCConfigurationList section */
		F8AC3E521589D27B00D8A9C9 /* Build configuration list for PBXNativeTarget "ectoolkit" */ = {
			isa = XCConfigurationList;
			buildConfigurations = (
				F8AC3E531589D27B00D8A9C9 /* Debug */,
				F8AC3E541589D27B00D8A9C9 /* Release */,
			);
			defaultConfigurationIsVisible = 0;
		};
		F8ED8AC71582104E009ECF13 /* Build configuration list for PBXProject "ectoolkit" */ = {
			isa = XCConfigurationList;
			buildConfigurations = (
				F8ED8AD81582104E009ECF13 /* Debug */,
				F8ED8AD91582104E009ECF13 /* Release */,
			);
			defaultConfigurationIsVisible = 0;
			defaultConfigurationName = Release;
		};
/* End XCConfigurationList section */
	};
	rootObject = F8ED8AC41582104E009ECF13 /* Project object */;
}
