// !$*UTF8*$!
{
	archiveVersion = 1;
	classes = {
	};
	objectVersion = 46;
	objects = {

/* Begin PBXBuildFile section */
		F8ED8AD11582104E009ECF13 /* Foundation.framework in Frameworks */ = {isa = PBXBuildFile; fileRef = F8ED8AD01582104E009ECF13 /* Foundation.framework */; };
		F8ED8AD71582104E009ECF13 /* ectoolkit.m in Sources */ = {isa = PBXBuildFile; fileRef = F8ED8AD61582104E009ECF13 /* ectoolkit.m */; };
/* End PBXBuildFile section */

/* Begin PBXFileReference section */
		F8ED8ACD1582104E009ECF13 /* libectoolkit.a */ = {isa = PBXFileReference; explicitFileType = archive.ar; includeInIndex = 0; path = libectoolkit.a; sourceTree = BUILT_PRODUCTS_DIR; };
		F8ED8AD01582104E009ECF13 /* Foundation.framework */ = {isa = PBXFileReference; lastKnownFileType = wrapper.framework; name = Foundation.framework; path = System/Library/Frameworks/Foundation.framework; sourceTree = SDKROOT; };
		F8ED8AD41582104E009ECF13 /* ectoolkit-Prefix.pch */ = {isa = PBXFileReference; path = "ectoolkit-Prefix.pch"; sourceTree = "<group>"; };
		F8ED8AD51582104E009ECF13 /* ectoolkit.h */ = {isa = PBXFileReference; path = ectoolkit.h; sourceTree = "<group>"; };
		F8ED8AD61582104E009ECF13 /* ectoolkit.m */ = {isa = PBXFileReference; lastKnownFileType = sourcecode.c.objc; path = ectoolkit.m; sourceTree = "<group>"; };
/* End PBXFileReference section */

/* Begin PBXFrameworksBuildPhase section */
		F8ED8ACA1582104E009ECF13 /* Frameworks */ = {
			isa = PBXFrameworksBuildPhase;
			buildActionMask = 2147483647;
			files = (
				F8ED8AD11582104E009ECF13 /* Foundation.framework in Frameworks */,
			);
			runOnlyForDeploymentPostprocessing = 0;
		};
/* End PBXFrameworksBuildPhase section */

/* Begin PBXGroup section */
		F8ED8AC21582104E009ECF13 = {
			isa = PBXGroup;
			children = (
				F8ED8AD21582104E009ECF13 /* ectoolkit */,
				F8ED8ACF1582104E009ECF13 /* Frameworks */,
				F8ED8ACE1582104E009ECF13 /* Products */,
			);
			sourceTree = "<group>";
		};
		F8ED8ACE1582104E009ECF13 /* Products */ = {
			isa = PBXGroup;
			children = (
				F8ED8ACD1582104E009ECF13 /* libectoolkit.a */,
			);
			name = Products;
			sourceTree = "<group>";
		};
		F8ED8ACF1582104E009ECF13 /* Frameworks */ = {
			isa = PBXGroup;
			children = (
				F8ED8AD01582104E009ECF13 /* Foundation.framework */,
			);
			name = Frameworks;
			sourceTree = "<group>";
		};
		F8ED8AD21582104E009ECF13 /* ectoolkit */ = {
			isa = PBXGroup;
			children = (
				F8ED8AD51582104E009ECF13 /* ectoolkit.h */,
				F8ED8AD61582104E009ECF13 /* ectoolkit.m */,
				F8ED8AD31582104E009ECF13 /* Supporting Files */,
			);
			path = ectoolkit;
			sourceTree = "<group>";
		};
		F8ED8AD31582104E009ECF13 /* Supporting Files */ = {
			isa = PBXGroup;
			children = (
				F8ED8AD41582104E009ECF13 /* ectoolkit-Prefix.pch */,
			);
			name = "Supporting Files";
			sourceTree = "<group>";
		};
/* End PBXGroup section */

/* Begin PBXHeadersBuildPhase section */
		F8ED8ACB1582104E009ECF13 /* Headers */ = {
			isa = PBXHeadersBuildPhase;
			buildActionMask = 2147483647;
			files = (
			);
			runOnlyForDeploymentPostprocessing = 0;
		};
/* End PBXHeadersBuildPhase section */

/* Begin PBXNativeTarget section */
		F8ED8ACC1582104E009ECF13 /* ectoolkit */ = {
			isa = PBXNativeTarget;
			buildConfigurationList = F8ED8ADA1582104E009ECF13 /* Build configuration list for PBXNativeTarget "ectoolkit" */;
			buildPhases = (
				F8ED8AC91582104E009ECF13 /* Sources */,
				F8ED8ACA1582104E009ECF13 /* Frameworks */,
				F8ED8ACB1582104E009ECF13 /* Headers */,
			);
			buildRules = (
			);
			dependencies = (
			);
			name = ectoolkit;
			productName = ectoolkit;
			productReference = F8ED8ACD1582104E009ECF13 /* libectoolkit.a */;
			productType = "com.apple.product-type.library.static";
		};
/* End PBXNativeTarget section */

/* Begin PBXProject section */
		F8ED8AC41582104E009ECF13 /* Project object */ = {
			isa = PBXProject;
			attributes = {
				LastUpgradeCheck = 0430;
				ORGANIZATIONNAME = "elegant cloud";
			};
			buildConfigurationList = F8ED8AC71582104E009ECF13 /* Build configuration list for PBXProject "ectoolkit" */;
			compatibilityVersion = "Xcode 3.2";
			developmentRegion = English;
			hasScannedForEncodings = 0;
			knownRegions = (
				en,
			);
			mainGroup = F8ED8AC21582104E009ECF13;
			productRefGroup = F8ED8ACE1582104E009ECF13 /* Products */;
			projectDirPath = "";
			projectRoot = "";
			targets = (
				F8ED8ACC1582104E009ECF13 /* ectoolkit */,
			);
		};
/* End PBXProject section */

/* Begin PBXSourcesBuildPhase section */
		F8ED8AC91582104E009ECF13 /* Sources */ = {
			isa = PBXSourcesBuildPhase;
			buildActionMask = 2147483647;
			files = (
				F8ED8AD71582104E009ECF13 /* ectoolkit.m in Sources */,
			);
			runOnlyForDeploymentPostprocessing = 0;
		};
/* End PBXSourcesBuildPhase section */

/* Begin XCBuildConfiguration section */
		F8ED8AD81582104E009ECF13 /* Debug */ = {
			isa = XCBuildConfiguration;
			buildSettings = {
				ALWAYS_SEARCH_USER_PATHS = NO;
				ARCHS = "$(ARCHS_STANDARD_32_BIT)";
				CLANG_ENABLE_OBJC_ARC = YES;
				COPY_PHASE_STRIP = NO;
				GCC_C_LANGUAGE_STANDARD = gnu99;
				GCC_DYNAMIC_NO_PIC = NO;
				GCC_OPTIMIZATION_LEVEL = 0;
				GCC_PREPROCESSOR_DEFINITIONS = (
					"DEBUG=1",
					"$(inherited)",
				);
				GCC_SYMBOLS_PRIVATE_EXTERN = NO;
				GCC_VERSION = com.apple.compilers.llvm.clang.1_0;
				GCC_WARN_ABOUT_RETURN_TYPE = YES;
				GCC_WARN_UNINITIALIZED_AUTOS = YES;
				GCC_WARN_UNUSED_VARIABLE = YES;
				IPHONEOS_DEPLOYMENT_TARGET = 5.1;
				SDKROOT = iphoneos;
			};
			name = Debug;
		};
		F8ED8AD91582104E009ECF13 /* Release */ = {
			isa = XCBuildConfiguration;
			buildSettings = {
				ALWAYS_SEARCH_USER_PATHS = NO;
				ARCHS = "$(ARCHS_STANDARD_32_BIT)";
				CLANG_ENABLE_OBJC_ARC = YES;
				COPY_PHASE_STRIP = YES;
				GCC_C_LANGUAGE_STANDARD = gnu99;
				GCC_VERSION = com.apple.compilers.llvm.clang.1_0;
				GCC_WARN_ABOUT_RETURN_TYPE = YES;
				GCC_WARN_UNINITIALIZED_AUTOS = YES;
				GCC_WARN_UNUSED_VARIABLE = YES;
				IPHONEOS_DEPLOYMENT_TARGET = 5.1;
				SDKROOT = iphoneos;
				VALIDATE_PRODUCT = YES;
			};
			name = Release;
		};
		F8ED8ADB1582104E009ECF13 /* Debug */ = {
			isa = XCBuildConfiguration;
			buildSettings = {
				DSTROOT = /tmp/ectoolkit.dst;
				GCC_PRECOMPILE_PREFIX_HEADER = YES;
				GCC_PREFIX_HEADER = "ectoolkit/ectoolkit-Prefix.pch";
				OTHER_LDFLAGS = "-ObjC";
				PRODUCT_NAME = "$(TARGET_NAME)";
				SKIP_INSTALL = YES;
			};
			name = Debug;
		};
		F8ED8ADC1582104E009ECF13 /* Release */ = {
			isa = XCBuildConfiguration;
			buildSettings = {
				DSTROOT = /tmp/ectoolkit.dst;
				GCC_PRECOMPILE_PREFIX_HEADER = YES;
				GCC_PREFIX_HEADER = "ectoolkit/ectoolkit-Prefix.pch";
				OTHER_LDFLAGS = "-ObjC";
				PRODUCT_NAME = "$(TARGET_NAME)";
				SKIP_INSTALL = YES;
			};
			name = Release;
		};
/* End XCBuildConfiguration section */

/* Begin XCConfigurationList section */
		F8ED8AC71582104E009ECF13 /* Build configuration list for PBXProject "ectoolkit" */ = {
			isa = XCConfigurationList;
			buildConfigurations = (
				F8ED8AD81582104E009ECF13 /* Debug */,
				F8ED8AD91582104E009ECF13 /* Release */,
			);
			defaultConfigurationIsVisible = 0;
			defaultConfigurationName = Release;
		};
		F8ED8ADA1582104E009ECF13 /* Build configuration list for PBXNativeTarget "ectoolkit" */ = {
			isa = XCConfigurationList;
			buildConfigurations = (
				F8ED8ADB1582104E009ECF13 /* Debug */,
				F8ED8ADC1582104E009ECF13 /* Release */,
			);
			defaultConfigurationIsVisible = 0;
		};
/* End XCConfigurationList section */
	};
	rootObject = F8ED8AC41582104E009ECF13 /* Project object */;
}
